<Solution>
  <Folder Name="/Game Rules/">
    <Project Path="catalog/applications/dnd2024/DantesRoleplay.Dnd2024.Game.esproj">
      <Build />
      <Deploy />
    </Project>
  </Folder>
  <Project Path="DantesRoleplay.DataAccess/DantesRoleplay.DataAccess.csproj" />
  <Project Path="DantesRoleplay.LocalAI/DantesRoleplay.LocalAI.csproj" />
  <Project Path="DantesRoleplay.MCPServer/DantesRoleplay.MCPServer.csproj" />
  <Project Path="DantesRoleplay.Tests/DantesRoleplay.Tests.csproj" />
  <Project Path="DantesRoleplay.Tools/DantesRoleplay.Tools.csproj" />
  <Project Path="DantesRoleplay/DantesRoleplay.csproj" />
  <Project Path="DantesRoleplay.Web/DantesRoleplay.Web.csproj" />
</Solution>
