<Solution>
  <Folder Name="/System/Local AI/">
    <Project Path="src/system/local-ai/DantesRoleplay.LocalAI.Tests/DantesRoleplay.LocalAI.Tests.csproj" />
    <Project Path="src/system/local-ai/DantesRoleplay.LocalAI/DantesRoleplay.LocalAI.csproj" />
  </Folder>
  <Folder Name="/System/Web Interface/">
    <Project Path="src/system/web-interface/DantesRoleplay.Web/DantesRoleplay.Web.csproj" />
  </Folder>
  <Project Path="DantesRoleplay.DataAccess/DantesRoleplay.DataAccess.csproj" />
  <Project Path="DantesRoleplay.MCPServer/DantesRoleplay.MCPServer.csproj" />
  <Project Path="DantesRoleplay.Tests/DantesRoleplay.Tests.csproj" />
  <Project Path="DantesRoleplay.Tools/DantesRoleplay.Tools.csproj" />
  <Project Path="DantesRoleplay/DantesRoleplay.csproj" />
</Solution>
